
Microsoft Visual Studio Solution File, Format Version 12.00
# Visual Studio 2013
VisualStudioVersion = 12.0.31101.0
MinimumVisualStudioVersion = 10.0.40219.1
Project("{FAE04EC0-301F-11D3-BF4B-00C04F79EFBC}") = "Trader.Domain", "Trader.Domain\Trader.Domain.csproj", "{0CF230F0-1A2D-4843-8F36-62F831E8CB23}"
EndProject
Project("{FAE04EC0-301F-11D3-BF4B-00C04F79EFBC}") = "Trader.Client", "Trader.App\Trader.Client.csproj", "{D227E424-B360-4B6D-BFAC-92096515DA89}"
EndProject
Project("{2150E333-8FDC-42A3-9474-1A3956D46DE8}") = ".other", ".other", "{F84001B2-C681-4167-A317-DCEE87C22736}"
	ProjectSection(SolutionItems) = preProject
		README.md = README.md
	EndProjectSection
EndProject
Project("{2150E333-8FDC-42A3-9474-1A3956D46DE8}") = ".nuget", ".nuget", "{C7A11A32-EF4A-475E-8087-8D0D3C767294}"
	ProjectSection(SolutionItems) = preProject
		.nuget\NuGet.Config = .nuget\NuGet.Config
		.nuget\NuGet.exe = .nuget\NuGet.exe
		.nuget\NuGet.targets = .nuget\NuGet.targets
	EndProjectSection
EndProject
Global
	GlobalSection(SolutionConfigurationPlatforms) = preSolution
		Debug|Any CPU = Debug|Any CPU
		Release|Any CPU = Release|Any CPU
	EndGlobalSection
	GlobalSection(ProjectConfigurationPlatforms) = postSolution
		{0CF230F0-1A2D-4843-8F36-62F831E8CB23}.Debug|Any CPU.ActiveCfg = Debug|Any CPU
		{0CF230F0-1A2D-4843-8F36-62F831E8CB23}.Debug|Any CPU.Build.0 = Debug|Any CPU
		{0CF230F0-1A2D-4843-8F36-62F831E8CB23}.Release|Any CPU.ActiveCfg = Release|Any CPU
		{0CF230F0-1A2D-4843-8F36-62F831E8CB23}.Release|Any CPU.Build.0 = Release|Any CPU
		{D227E424-B360-4B6D-BFAC-92096515DA89}.Debug|Any CPU.ActiveCfg = Debug|Any CPU
		{D227E424-B360-4B6D-BFAC-92096515DA89}.Debug|Any CPU.Build.0 = Debug|Any CPU
		{D227E424-B360-4B6D-BFAC-92096515DA89}.Release|Any CPU.ActiveCfg = Release|Any CPU
		{D227E424-B360-4B6D-BFAC-92096515DA89}.Release|Any CPU.Build.0 = Release|Any CPU
	EndGlobalSection
	GlobalSection(SolutionProperties) = preSolution
		HideSolutionNode = FALSE
	EndGlobalSection
EndGlobal
